// !$*UTF8*$!
{
	archiveVersion = 1;
	classes = {
	};
	objectVersion = 55;
	objects = {

/* Begin PBXBuildFile section */
		C33B029927EA61ED00F83DD2 /* AppDelegate.swift in Sources */ = {isa = PBXBuildFile; fileRef = C33B029827EA61ED00F83DD2 /* AppDelegate.swift */; };
		C33B029B27EA61ED00F83DD2 /* SceneDelegate.swift in Sources */ = {isa = PBXBuildFile; fileRef = C33B029A27EA61ED00F83DD2 /* SceneDelegate.swift */; };
		C33B02A027EA61ED00F83DD2 /* Main.storyboard in Resources */ = {isa = PBXBuildFile; fileRef = C33B029E27EA61ED00F83DD2 /* Main.storyboard */; };
		C33B02A227EA61EE00F83DD2 /* Assets.xcassets in Resources */ = {isa = PBXBuildFile; fileRef = C33B02A127EA61EE00F83DD2 /* Assets.xcassets */; };
		C33B02A527EA61EE00F83DD2 /* LaunchScreen.storyboard in Resources */ = {isa = PBXBuildFile; fileRef = C33B02A327EA61EE00F83DD2 /* LaunchScreen.storyboard */; };
		C33B02AE27EA636300F83DD2 /* ContactsTableViewController.swift in Sources */ = {isa = PBXBuildFile; fileRef = C33B02AD27EA636300F83DD2 /* ContactsTableViewController.swift */; };
		C33B02B027EA637600F83DD2 /* ContactsWithSectionsTableViewController.swift in Sources */ = {isa = PBXBuildFile; fileRef = C33B02AF27EA637600F83DD2 /* ContactsWithSectionsTableViewController.swift */; };
		C33B02B227EA638A00F83DD2 /* DetailViewController.swift in Sources */ = {isa = PBXBuildFile; fileRef = C33B02B127EA638A00F83DD2 /* DetailViewController.swift */; };
		C33B02B727EA63BD00F83DD2 /* DataManager.swift in Sources */ = {isa = PBXBuildFile; fileRef = C33B02B627EA63BD00F83DD2 /* DataManager.swift */; };
/* End PBXBuildFile section */

/* Begin PBXFileReference section */
		C33B029527EA61ED00F83DD2 /* ContactsList.app */ = {isa = PBXFileReference; explicitFileType = wrapper.application; includeInIndex = 0; path = ContactsList.app; sourceTree = BUILT_PRODUCTS_DIR; };
		C33B029827EA61ED00F83DD2 /* AppDelegate.swift */ = {isa = PBXFileReference; lastKnownFileType = sourcecode.swift; path = AppDelegate.swift; sourceTree = "<group>"; };
		C33B029A27EA61ED00F83DD2 /* SceneDelegate.swift */ = {isa = PBXFileReference; lastKnownFileType = sourcecode.swift; path = SceneDelegate.swift; sourceTree = "<group>"; };
		C33B029F27EA61ED00F83DD2 /* Base */ = {isa = PBXFileReference; lastKnownFileType = file.storyboard; name = Base; path = Base.lproj/Main.storyboard; sourceTree = "<group>"; };
		C33B02A127EA61EE00F83DD2 /* Assets.xcassets */ = {isa = PBXFileReference; lastKnownFileType = folder.assetcatalog; path = Assets.xcassets; sourceTree = "<group>"; };
		C33B02A427EA61EE00F83DD2 /* Base */ = {isa = PBXFileReference; lastKnownFileType = file.storyboard; name = Base; path = Base.lproj/LaunchScreen.storyboard; sourceTree = "<group>"; };
		C33B02A627EA61EE00F83DD2 /* Info.plist */ = {isa = PBXFileReference; lastKnownFileType = text.plist.xml; path = Info.plist; sourceTree = "<group>"; };
		C33B02AD27EA636300F83DD2 /* ContactsTableViewController.swift */ = {isa = PBXFileReference; lastKnownFileType = sourcecode.swift; path = ContactsTableViewController.swift; sourceTree = "<group>"; };
		C33B02AF27EA637600F83DD2 /* ContactsWithSectionsTableViewController.swift */ = {isa = PBXFileReference; lastKnownFileType = sourcecode.swift; path = ContactsWithSectionsTableViewController.swift; sourceTree = "<group>"; };
		C33B02B127EA638A00F83DD2 /* DetailViewController.swift */ = {isa = PBXFileReference; lastKnownFileType = sourcecode.swift; path = DetailViewController.swift; sourceTree = "<group>"; };
		C33B02B627EA63BD00F83DD2 /* DataManager.swift */ = {isa = PBXFileReference; lastKnownFileType = sourcecode.swift; path = DataManager.swift; sourceTree = "<group>"; };
/* End PBXFileReference section */

/* Begin PBXFrameworksBuildPhase section */
		C33B029227EA61ED00F83DD2 /* Frameworks */ = {
			isa = PBXFrameworksBuildPhase;
			buildActionMask = 2147483647;
			files = (
			);
			runOnlyForDeploymentPostprocessing = 0;
		};
/* End PBXFrameworksBuildPhase section */

/* Begin PBXGroup section */
		C33B028C27EA61ED00F83DD2 = {
			isa = PBXGroup;
			children = (
				C33B029727EA61ED00F83DD2 /* ContactsList */,
				C33B029627EA61ED00F83DD2 /* Products */,
			);
			sourceTree = "<group>";
		};
		C33B029627EA61ED00F83DD2 /* Products */ = {
			isa = PBXGroup;
			children = (
				C33B029527EA61ED00F83DD2 /* ContactsList.app */,
			);
			name = Products;
			sourceTree = "<group>";
		};
		C33B029727EA61ED00F83DD2 /* ContactsList */ = {
			isa = PBXGroup;
			children = (
				C33B029827EA61ED00F83DD2 /* AppDelegate.swift */,
				C33B029A27EA61ED00F83DD2 /* SceneDelegate.swift */,
				C33B02B827EBA5BA00F83DD2 /* Helpers */,
				C33B02B327EA639100F83DD2 /* ViewControllers */,
				C33B02AC27EA632E00F83DD2 /* Storyboards */,
				C33B02A127EA61EE00F83DD2 /* Assets.xcassets */,
				C33B02A627EA61EE00F83DD2 /* Info.plist */,
			);
			path = ContactsList;
			sourceTree = "<group>";
		};
		C33B02AC27EA632E00F83DD2 /* Storyboards */ = {
			isa = PBXGroup;
			children = (
				C33B029E27EA61ED00F83DD2 /* Main.storyboard */,
				C33B02A327EA61EE00F83DD2 /* LaunchScreen.storyboard */,
			);
			path = Storyboards;
			sourceTree = "<group>";
		};
		C33B02B327EA639100F83DD2 /* ViewControllers */ = {
			isa = PBXGroup;
			children = (
				C33B02AD27EA636300F83DD2 /* ContactsTableViewController.swift */,
				C33B02AF27EA637600F83DD2 /* ContactsWithSectionsTableViewController.swift */,
				C33B02B127EA638A00F83DD2 /* DetailViewController.swift */,
			);
			path = ViewControllers;
			sourceTree = "<group>";
		};
		C33B02B827EBA5BA00F83DD2 /* Helpers */ = {
			isa = PBXGroup;
			children = (
				C33B02B627EA63BD00F83DD2 /* DataManager.swift */,
			);
			path = Helpers;
			sourceTree = "<group>";
		};
/* End PBXGroup section */

/* Begin PBXNativeTarget section */
		C33B029427EA61ED00F83DD2 /* ContactsList */ = {
			isa = PBXNativeTarget;
			buildConfigurationList = C33B02A927EA61EE00F83DD2 /* Build configuration list for PBXNativeTarget "ContactsList" */;
			buildPhases = (
				C33B029127EA61ED00F83DD2 /* Sources */,
				C33B029227EA61ED00F83DD2 /* Frameworks */,
				C33B029327EA61ED00F83DD2 /* Resources */,
			);
			buildRules = (
			);
			dependencies = (
			);
			name = ContactsList;
			productName = ContactsList;
			productReference = C33B029527EA61ED00F83DD2 /* ContactsList.app */;
			productType = "com.apple.product-type.application";
		};
/* End PBXNativeTarget section */

/* Begin PBXProject section */
		C33B028D27EA61ED00F83DD2 /* Project object */ = {
			isa = PBXProject;
			attributes = {
				BuildIndependentTargetsInParallel = 1;
				LastSwiftUpdateCheck = 1320;
				LastUpgradeCheck = 1320;
				TargetAttributes = {
					C33B029427EA61ED00F83DD2 = {
						CreatedOnToolsVersion = 13.2.1;
					};
				};
			};
			buildConfigurationList = C33B029027EA61ED00F83DD2 /* Build configuration list for PBXProject "ContactsList" */;
			compatibilityVersion = "Xcode 13.0";
			developmentRegion = en;
			hasScannedForEncodings = 0;
			knownRegions = (
				en,
				Base,
			);
			mainGroup = C33B028C27EA61ED00F83DD2;
			productRefGroup = C33B029627EA61ED00F83DD2 /* Products */;
			projectDirPath = "";
			projectRoot = "";
			targets = (
				C33B029427EA61ED00F83DD2 /* ContactsList */,
			);
		};
/* End PBXProject section */

/* Begin PBXResourcesBuildPhase section */
		C33B029327EA61ED00F83DD2 /* Resources */ = {
			isa = PBXResourcesBuildPhase;
			buildActionMask = 2147483647;
			files = (
				C33B02A527EA61EE00F83DD2 /* LaunchScreen.storyboard in Resources */,
				C33B02A227EA61EE00F83DD2 /* Assets.xcassets in Resources */,
				C33B02A027EA61ED00F83DD2 /* Main.storyboard in Resources */,
			);
			runOnlyForDeploymentPostprocessing = 0;
		};
/* End PBXResourcesBuildPhase section */

/* Begin PBXSourcesBuildPhase section */
		C33B029127EA61ED00F83DD2 /* Sources */ = {
			isa = PBXSourcesBuildPhase;
			buildActionMask = 2147483647;
			files = (
				C33B029927EA61ED00F83DD2 /* AppDelegate.swift in Sources */,
				C33B02B727EA63BD00F83DD2 /* DataManager.swift in Sources */,
				C33B029B27EA61ED00F83DD2 /* SceneDelegate.swift in Sources */,
				C33B02B227EA638A00F83DD2 /* DetailViewController.swift in Sources */,
				C33B02B027EA637600F83DD2 /* ContactsWithSectionsTableViewController.swift in Sources */,
				C33B02AE27EA636300F83DD2 /* ContactsTableViewController.swift in Sources */,
			);
			runOnlyForDeploymentPostprocessing = 0;
		};
/* End PBXSourcesBuildPhase section */

/* Begin PBXVariantGroup section */
		C33B029E27EA61ED00F83DD2 /* Main.storyboard */ = {
			isa = PBXVariantGroup;
			children = (
				C33B029F27EA61ED00F83DD2 /* Base */,
			);
			name = Main.storyboard;
			sourceTree = "<group>";
		};
		C33B02A327EA61EE00F83DD2 /* LaunchScreen.storyboard */ = {
			isa = PBXVariantGroup;
			children = (
				C33B02A427EA61EE00F83DD2 /* Base */,
			);
			name = LaunchScreen.storyboard;
			sourceTree = "<group>";
		};
/* End PBXVariantGroup section */

/* Begin XCBuildConfiguration section */
		C33B02A727EA61EE00F83DD2 /* Debug */ = {
			isa = XCBuildConfiguration;
			buildSettings = {
				ALWAYS_SEARCH_USER_PATHS = NO;
				CLANG_ANALYZER_NONNULL = YES;
				CLANG_ANALYZER_NUMBER_OBJECT_CONVERSION = YES_AGGRESSIVE;
				CLANG_CXX_LANGUAGE_STANDARD = "gnu++17";
				CLANG_CXX_LIBRARY = "libc++";
				CLANG_ENABLE_MODULES = YES;
				CLANG_ENABLE_OBJC_ARC = YES;
				CLANG_ENABLE_OBJC_WEAK = YES;
				CLANG_WARN_BLOCK_CAPTURE_AUTORELEASING = YES;
				CLANG_WARN_BOOL_CONVERSION = YES;
				CLANG_WARN_COMMA = YES;
				CLANG_WARN_CONSTANT_CONVERSION = YES;
				CLANG_WARN_DEPRECATED_OBJC_IMPLEMENTATIONS = YES;
				CLANG_WARN_DIRECT_OBJC_ISA_USAGE = YES_ERROR;
				CLANG_WARN_DOCUMENTATION_COMMENTS = YES;
				CLANG_WARN_EMPTY_BODY = YES;
				CLANG_WARN_ENUM_CONVERSION = YES;
				CLANG_WARN_INFINITE_RECURSION = YES;
				CLANG_WARN_INT_CONVERSION = YES;
				CLANG_WARN_NON_LITERAL_NULL_CONVERSION = YES;
				CLANG_WARN_OBJC_IMPLICIT_RETAIN_SELF = YES;
				CLANG_WARN_OBJC_LITERAL_CONVERSION = YES;
				CLANG_WARN_OBJC_ROOT_CLASS = YES_ERROR;
				CLANG_WARN_QUOTED_INCLUDE_IN_FRAMEWORK_HEADER = YES;
				CLANG_WARN_RANGE_LOOP_ANALYSIS = YES;
				CLANG_WARN_STRICT_PROTOTYPES = YES;
				CLANG_WARN_SUSPICIOUS_MOVE = YES;
				CLANG_WARN_UNGUARDED_AVAILABILITY = YES_AGGRESSIVE;
				CLANG_WARN_UNREACHABLE_CODE = YES;
				CLANG_WARN__DUPLICATE_METHOD_MATCH = YES;
				COPY_PHASE_STRIP = NO;
				DEBUG_INFORMATION_FORMAT = dwarf;
				ENABLE_STRICT_OBJC_MSGSEND = YES;
				ENABLE_TESTABILITY = YES;
				GCC_C_LANGUAGE_STANDARD = gnu11;
				GCC_DYNAMIC_NO_PIC = NO;
				GCC_NO_COMMON_BLOCKS = YES;
				GCC_OPTIMIZATION_LEVEL = 0;
				GCC_PREPROCESSOR_DEFINITIONS = (
					"DEBUG=1",
					"$(inherited)",
				);
				GCC_WARN_64_TO_32_BIT_CONVERSION = YES;
				GCC_WARN_ABOUT_RETURN_TYPE = YES_ERROR;
				GCC_WARN_UNDECLARED_SELECTOR = YES;
				GCC_WARN_UNINITIALIZED_AUTOS = YES_AGGRESSIVE;
				GCC_WARN_UNUSED_FUNCTION = YES;
				GCC_WARN_UNUSED_VARIABLE = YES;
				IPHONEOS_DEPLOYMENT_TARGET = 15.2;
				MTL_ENABLE_DEBUG_INFO = INCLUDE_SOURCE;
				MTL_FAST_MATH = YES;
				ONLY_ACTIVE_ARCH = YES;
				SDKROOT = iphoneos;
				SWIFT_ACTIVE_COMPILATION_CONDITIONS = DEBUG;
				SWIFT_OPTIMIZATION_LEVEL = "-Onone";
			};
			name = Debug;
		};
		C33B02A827EA61EE00F83DD2 /* Release */ = {
			isa = XCBuildConfiguration;
			buildSettings = {
				ALWAYS_SEARCH_USER_PATHS = NO;
				CLANG_ANALYZER_NONNULL = YES;
				CLANG_ANALYZER_NUMBER_OBJECT_CONVERSION = YES_AGGRESSIVE;
				CLANG_CXX_LANGUAGE_STANDARD = "gnu++17";
				CLANG_CXX_LIBRARY = "libc++";
				CLANG_ENABLE_MODULES = YES;
				CLANG_ENABLE_OBJC_ARC = YES;
				CLANG_ENABLE_OBJC_WEAK = YES;
				CLANG_WARN_BLOCK_CAPTURE_AUTORELEASING = YES;
				CLANG_WARN_BOOL_CONVERSION = YES;
				CLANG_WARN_COMMA = YES;
				CLANG_WARN_CONSTANT_CONVERSION = YES;
				CLANG_WARN_DEPRECATED_OBJC_IMPLEMENTATIONS = YES;
				CLANG_WARN_DIRECT_OBJC_ISA_USAGE = YES_ERROR;
				CLANG_WARN_DOCUMENTATION_COMMENTS = YES;
				CLANG_WARN_EMPTY_BODY = YES;
				CLANG_WARN_ENUM_CONVERSION = YES;
				CLANG_WARN_INFINITE_RECURSION = YES;
				CLANG_WARN_INT_CONVERSION = YES;
				CLANG_WARN_NON_LITERAL_NULL_CONVERSION = YES;
				CLANG_WARN_OBJC_IMPLICIT_RETAIN_SELF = YES;
				CLANG_WARN_OBJC_LITERAL_CONVERSION = YES;
				CLANG_WARN_OBJC_ROOT_CLASS = YES_ERROR;
				CLANG_WARN_QUOTED_INCLUDE_IN_FRAMEWORK_HEADER = YES;
				CLANG_WARN_RANGE_LOOP_ANALYSIS = YES;
				CLANG_WARN_STRICT_PROTOTYPES = YES;
				CLANG_WARN_SUSPICIOUS_MOVE = YES;
				CLANG_WARN_UNGUARDED_AVAILABILITY = YES_AGGRESSIVE;
				CLANG_WARN_UNREACHABLE_CODE = YES;
				CLANG_WARN__DUPLICATE_METHOD_MATCH = YES;
				COPY_PHASE_STRIP = NO;
				DEBUG_INFORMATION_FORMAT = "dwarf-with-dsym";
				ENABLE_NS_ASSERTIONS = NO;
				ENABLE_STRICT_OBJC_MSGSEND = YES;
				GCC_C_LANGUAGE_STANDARD = gnu11;
				GCC_NO_COMMON_BLOCKS = YES;
				GCC_WARN_64_TO_32_BIT_CONVERSION = YES;
				GCC_WARN_ABOUT_RETURN_TYPE = YES_ERROR;
				GCC_WARN_UNDECLARED_SELECTOR = YES;
				GCC_WARN_UNINITIALIZED_AUTOS = YES_AGGRESSIVE;
				GCC_WARN_UNUSED_FUNCTION = YES;
				GCC_WARN_UNUSED_VARIABLE = YES;
				IPHONEOS_DEPLOYMENT_TARGET = 15.2;
				MTL_ENABLE_DEBUG_INFO = NO;
				MTL_FAST_MATH = YES;
				SDKROOT = iphoneos;
				SWIFT_COMPILATION_MODE = wholemodule;
				SWIFT_OPTIMIZATION_LEVEL = "-O";
				VALIDATE_PRODUCT = YES;
			};
			name = Release;
		};
		C33B02AA27EA61EE00F83DD2 /* Debug */ = {
			isa = XCBuildConfiguration;
			buildSettings = {
				ASSETCATALOG_COMPILER_APPICON_NAME = AppIcon;
				ASSETCATALOG_COMPILER_GLOBAL_ACCENT_COLOR_NAME = AccentColor;
				CODE_SIGN_STYLE = Automatic;
				CURRENT_PROJECT_VERSION = 1;
				DEVELOPMENT_TEAM = S9M3DWKK37;
				GENERATE_INFOPLIST_FILE = YES;
				INFOPLIST_FILE = ContactsList/Info.plist;
				INFOPLIST_KEY_UIApplicationSupportsIndirectInputEvents = YES;
				INFOPLIST_KEY_UILaunchStoryboardName = LaunchScreen;
				INFOPLIST_KEY_UIMainStoryboardFile = Main;
				INFOPLIST_KEY_UISupportedInterfaceOrientations_iPad = "UIInterfaceOrientationPortrait UIInterfaceOrientationPortraitUpsideDown UIInterfaceOrientationLandscapeLeft UIInterfaceOrientationLandscapeRight";
				INFOPLIST_KEY_UISupportedInterfaceOrientations_iPhone = "UIInterfaceOrientationPortrait UIInterfaceOrientationLandscapeLeft UIInterfaceOrientationLandscapeRight";
				LD_RUNPATH_SEARCH_PATHS = (
					"$(inherited)",
					"@executable_path/Frameworks",
				);
				MARKETING_VERSION = 1.0;
				PRODUCT_BUNDLE_IDENTIFIER = "ru-korshina.ContactsList";
				PRODUCT_NAME = "$(TARGET_NAME)";
				SWIFT_EMIT_LOC_STRINGS = YES;
				SWIFT_VERSION = 5.0;
				TARGETED_DEVICE_FAMILY = "1,2";
			};
			name = Debug;
		};
		C33B02AB27EA61EE00F83DD2 /* Release */ = {
			isa = XCBuildConfiguration;
			buildSettings = {
				ASSETCATALOG_COMPILER_APPICON_NAME = AppIcon;
				ASSETCATALOG_COMPILER_GLOBAL_ACCENT_COLOR_NAME = AccentColor;
				CODE_SIGN_STYLE = Automatic;
				CURRENT_PROJECT_VERSION = 1;
				DEVELOPMENT_TEAM = S9M3DWKK37;
				GENERATE_INFOPLIST_FILE = YES;
				INFOPLIST_FILE = ContactsList/Info.plist;
				INFOPLIST_KEY_UIApplicationSupportsIndirectInputEvents = YES;
				INFOPLIST_KEY_UILaunchStoryboardName = LaunchScreen;
				INFOPLIST_KEY_UIMainStoryboardFile = Main;
				INFOPLIST_KEY_UISupportedInterfaceOrientations_iPad = "UIInterfaceOrientationPortrait UIInterfaceOrientationPortraitUpsideDown UIInterfaceOrientationLandscapeLeft UIInterfaceOrientationLandscapeRight";
				INFOPLIST_KEY_UISupportedInterfaceOrientations_iPhone = "UIInterfaceOrientationPortrait UIInterfaceOrientationLandscapeLeft UIInterfaceOrientationLandscapeRight";
				LD_RUNPATH_SEARCH_PATHS = (
					"$(inherited)",
					"@executable_path/Frameworks",
				);
				MARKETING_VERSION = 1.0;
				PRODUCT_BUNDLE_IDENTIFIER = "ru-korshina.ContactsList";
				PRODUCT_NAME = "$(TARGET_NAME)";
				SWIFT_EMIT_LOC_STRINGS = YES;
				SWIFT_VERSION = 5.0;
				TARGETED_DEVICE_FAMILY = "1,2";
			};
			name = Release;
		};
/* End XCBuildConfiguration section */

/* Begin XCConfigurationList section */
		C33B029027EA61ED00F83DD2 /* Build configuration list for PBXProject "ContactsList" */ = {
			isa = XCConfigurationList;
			buildConfigurations = (
				C33B02A727EA61EE00F83DD2 /* Debug */,
				C33B02A827EA61EE00F83DD2 /* Release */,
			);
			defaultConfigurationIsVisible = 0;
			defaultConfigurationName = Release;
		};
		C33B02A927EA61EE00F83DD2 /* Build configuration list for PBXNativeTarget "ContactsList" */ = {
			isa = XCConfigurationList;
			buildConfigurations = (
				C33B02AA27EA61EE00F83DD2 /* Debug */,
				C33B02AB27EA61EE00F83DD2 /* Release */,
			);
			defaultConfigurationIsVisible = 0;
			defaultConfigurationName = Release;
		};
/* End XCConfigurationList section */
	};
	rootObject = C33B028D27EA61ED00F83DD2 /* Project object */;
}
